// !$*UTF8*$!
{
	archiveVersion = 1;
	classes = {
	};
	objectVersion = 55;
	objects = {

/* Begin PBXBuildFile section */
		CE3B70872796B99F007086C6 /* TileView.swift in Sources */ = {isa = PBXBuildFile; fileRef = CE3B70862796B99F007086C6 /* TileView.swift */; };
		CE5B28E827960C8E0077EE1C /* AppDelegate.swift in Sources */ = {isa = PBXBuildFile; fileRef = CE5B28E727960C8E0077EE1C /* AppDelegate.swift */; };
		CE5B28EA27960C8E0077EE1C /* ViewController.swift in Sources */ = {isa = PBXBuildFile; fileRef = CE5B28E927960C8E0077EE1C /* ViewController.swift */; };
		CE5B28EC27960C8F0077EE1C /* Assets.xcassets in Resources */ = {isa = PBXBuildFile; fileRef = CE5B28EB27960C8F0077EE1C /* Assets.xcassets */; };
		CE5B28EF27960C8F0077EE1C /* Main.storyboard in Resources */ = {isa = PBXBuildFile; fileRef = CE5B28ED27960C8F0077EE1C /* Main.storyboard */; };
		CE5B28FC27960D640077EE1C /* NSImage+Pixel.swift in Sources */ = {isa = PBXBuildFile; fileRef = CE5B28FB27960D640077EE1C /* NSImage+Pixel.swift */; };
		CE5B28FF279613BE0077EE1C /* PixelView.swift in Sources */ = {isa = PBXBuildFile; fileRef = CE5B28FE279613BE0077EE1C /* PixelView.swift */; };
		CE5B2904279624E80077EE1C /* CoreUIExtensions in Frameworks */ = {isa = PBXBuildFile; productRef = CE5B2903279624E80077EE1C /* CoreUIExtensions */; };
		CE5B2907279626310077EE1C /* Cadmus in Frameworks */ = {isa = PBXBuildFile; productRef = CE5B2906279626310077EE1C /* Cadmus */; };
		CEABDE80279660CE0027AFBB /* SuperSimpleAnimatorKit in Frameworks */ = {isa = PBXBuildFile; productRef = CEABDE7F279660CE0027AFBB /* SuperSimpleAnimatorKit */; };
		CEABDE82279662A70027AFBB /* Range+Animation.swift in Sources */ = {isa = PBXBuildFile; fileRef = CEABDE81279662A70027AFBB /* Range+Animation.swift */; };
		CEABDE84279663520027AFBB /* CAMediaTimingFunction+Animation.swift in Sources */ = {isa = PBXBuildFile; fileRef = CEABDE83279663520027AFBB /* CAMediaTimingFunction+Animation.swift */; };
/* End PBXBuildFile section */

/* Begin PBXFileReference section */
		CE3B70862796B99F007086C6 /* TileView.swift */ = {isa = PBXFileReference; lastKnownFileType = sourcecode.swift; path = TileView.swift; sourceTree = "<group>"; };
		CE5B28E427960C8E0077EE1C /* BouncyImage.app */ = {isa = PBXFileReference; explicitFileType = wrapper.application; includeInIndex = 0; path = BouncyImage.app; sourceTree = BUILT_PRODUCTS_DIR; };
		CE5B28E727960C8E0077EE1C /* AppDelegate.swift */ = {isa = PBXFileReference; lastKnownFileType = sourcecode.swift; path = AppDelegate.swift; sourceTree = "<group>"; };
		CE5B28E927960C8E0077EE1C /* ViewController.swift */ = {isa = PBXFileReference; lastKnownFileType = sourcecode.swift; path = ViewController.swift; sourceTree = "<group>"; };
		CE5B28EB27960C8F0077EE1C /* Assets.xcassets */ = {isa = PBXFileReference; lastKnownFileType = folder.assetcatalog; path = Assets.xcassets; sourceTree = "<group>"; };
		CE5B28EE27960C8F0077EE1C /* Base */ = {isa = PBXFileReference; lastKnownFileType = file.storyboard; name = Base; path = Base.lproj/Main.storyboard; sourceTree = "<group>"; };
		CE5B28F027960C8F0077EE1C /* BouncyImage.entitlements */ = {isa = PBXFileReference; lastKnownFileType = text.plist.entitlements; path = BouncyImage.entitlements; sourceTree = "<group>"; };
		CE5B28FB27960D640077EE1C /* NSImage+Pixel.swift */ = {isa = PBXFileReference; lastKnownFileType = sourcecode.swift; path = "NSImage+Pixel.swift"; sourceTree = "<group>"; };
		CE5B28FE279613BE0077EE1C /* PixelView.swift */ = {isa = PBXFileReference; lastKnownFileType = sourcecode.swift; path = PixelView.swift; sourceTree = "<group>"; };
		CEABDE81279662A70027AFBB /* Range+Animation.swift */ = {isa = PBXFileReference; lastKnownFileType = sourcecode.swift; path = "Range+Animation.swift"; sourceTree = "<group>"; };
		CEABDE83279663520027AFBB /* CAMediaTimingFunction+Animation.swift */ = {isa = PBXFileReference; lastKnownFileType = sourcecode.swift; path = "CAMediaTimingFunction+Animation.swift"; sourceTree = "<group>"; };
/* End PBXFileReference section */

/* Begin PBXFrameworksBuildPhase section */
		CE5B28E127960C8E0077EE1C /* Frameworks */ = {
			isa = PBXFrameworksBuildPhase;
			buildActionMask = 2147483647;
			files = (
				CE5B2904279624E80077EE1C /* CoreUIExtensions in Frameworks */,
				CE5B2907279626310077EE1C /* Cadmus in Frameworks */,
				CEABDE80279660CE0027AFBB /* SuperSimpleAnimatorKit in Frameworks */,
			);
			runOnlyForDeploymentPostprocessing = 0;
		};
/* End PBXFrameworksBuildPhase section */

/* Begin PBXGroup section */
		CE5B28DB27960C8E0077EE1C = {
			isa = PBXGroup;
			children = (
				CE5B28E627960C8E0077EE1C /* BouncyImage */,
				CE5B28E527960C8E0077EE1C /* Products */,
			);
			sourceTree = "<group>";
		};
		CE5B28E527960C8E0077EE1C /* Products */ = {
			isa = PBXGroup;
			children = (
				CE5B28E427960C8E0077EE1C /* BouncyImage.app */,
			);
			name = Products;
			sourceTree = "<group>";
		};
		CE5B28E627960C8E0077EE1C /* BouncyImage */ = {
			isa = PBXGroup;
			children = (
				CE5B28F027960C8F0077EE1C /* BouncyImage.entitlements */,
				CE5B28FA27960CF00077EE1C /* Assets */,
				CE5B28F627960CCD0077EE1C /* Extensions */,
				CE5B28F727960CD80077EE1C /* Main */,
				CE5B28F927960CE40077EE1C /* Storyboards */,
				CE5B28F827960CDD0077EE1C /* ViewControllers */,
				CE5B28FD279613AE0077EE1C /* Views */,
			);
			path = BouncyImage;
			sourceTree = "<group>";
		};
		CE5B28F627960CCD0077EE1C /* Extensions */ = {
			isa = PBXGroup;
			children = (
				CE5B28FB27960D640077EE1C /* NSImage+Pixel.swift */,
				CEABDE81279662A70027AFBB /* Range+Animation.swift */,
				CEABDE83279663520027AFBB /* CAMediaTimingFunction+Animation.swift */,
			);
			path = Extensions;
			sourceTree = "<group>";
		};
		CE5B28F727960CD80077EE1C /* Main */ = {
			isa = PBXGroup;
			children = (
				CE5B28E727960C8E0077EE1C /* AppDelegate.swift */,
			);
			path = Main;
			sourceTree = "<group>";
		};
		CE5B28F827960CDD0077EE1C /* ViewControllers */ = {
			isa = PBXGroup;
			children = (
				CE5B28E927960C8E0077EE1C /* ViewController.swift */,
			);
			path = ViewControllers;
			sourceTree = "<group>";
		};
		CE5B28F927960CE40077EE1C /* Storyboards */ = {
			isa = PBXGroup;
			children = (
				CE5B28ED27960C8F0077EE1C /* Main.storyboard */,
			);
			path = Storyboards;
			sourceTree = "<group>";
		};
		CE5B28FA27960CF00077EE1C /* Assets */ = {
			isa = PBXGroup;
			children = (
				CE5B28EB27960C8F0077EE1C /* Assets.xcassets */,
			);
			path = Assets;
			sourceTree = "<group>";
		};
		CE5B28FD279613AE0077EE1C /* Views */ = {
			isa = PBXGroup;
			children = (
				CE5B28FE279613BE0077EE1C /* PixelView.swift */,
				CE3B70862796B99F007086C6 /* TileView.swift */,
			);
			path = Views;
			sourceTree = "<group>";
		};
/* End PBXGroup section */

/* Begin PBXNativeTarget section */
		CE5B28E327960C8E0077EE1C /* BouncyImage */ = {
			isa = PBXNativeTarget;
			buildConfigurationList = CE5B28F327960C8F0077EE1C /* Build configuration list for PBXNativeTarget "BouncyImage" */;
			buildPhases = (
				CE5B28E027960C8E0077EE1C /* Sources */,
				CE5B28E127960C8E0077EE1C /* Frameworks */,
				CE5B28E227960C8E0077EE1C /* Resources */,
			);
			buildRules = (
			);
			dependencies = (
			);
			name = BouncyImage;
			packageProductDependencies = (
				CE5B2903279624E80077EE1C /* CoreUIExtensions */,
				CE5B2906279626310077EE1C /* Cadmus */,
				CEABDE7F279660CE0027AFBB /* SuperSimpleAnimatorKit */,
			);
			productName = BouncyImage;
			productReference = CE5B28E427960C8E0077EE1C /* BouncyImage.app */;
			productType = "com.apple.product-type.application";
		};
/* End PBXNativeTarget section */

/* Begin PBXProject section */
		CE5B28DC27960C8E0077EE1C /* Project object */ = {
			isa = PBXProject;
			attributes = {
				BuildIndependentTargetsInParallel = 1;
				LastSwiftUpdateCheck = 1300;
				LastUpgradeCheck = 1300;
				TargetAttributes = {
					CE5B28E327960C8E0077EE1C = {
						CreatedOnToolsVersion = 13.0;
					};
				};
			};
			buildConfigurationList = CE5B28DF27960C8E0077EE1C /* Build configuration list for PBXProject "BouncyImage" */;
			compatibilityVersion = "Xcode 13.0";
			developmentRegion = en;
			hasScannedForEncodings = 0;
			knownRegions = (
				en,
				Base,
			);
			mainGroup = CE5B28DB27960C8E0077EE1C;
			packageReferences = (
				CE5B2902279624E80077EE1C /* XCRemoteSwiftPackageReference "CoreUIExtensions" */,
				CE5B2905279626310077EE1C /* XCRemoteSwiftPackageReference "Cadmus" */,
				CEABDE7E279660CE0027AFBB /* XCRemoteSwiftPackageReference "SuperSimpleAnimatorKit" */,
			);
			productRefGroup = CE5B28E527960C8E0077EE1C /* Products */;
			projectDirPath = "";
			projectRoot = "";
			targets = (
				CE5B28E327960C8E0077EE1C /* BouncyImage */,
			);
		};
/* End PBXProject section */

/* Begin PBXResourcesBuildPhase section */
		CE5B28E227960C8E0077EE1C /* Resources */ = {
			isa = PBXResourcesBuildPhase;
			buildActionMask = 2147483647;
			files = (
				CE5B28EC27960C8F0077EE1C /* Assets.xcassets in Resources */,
				CE5B28EF27960C8F0077EE1C /* Main.storyboard in Resources */,
			);
			runOnlyForDeploymentPostprocessing = 0;
		};
/* End PBXResourcesBuildPhase section */

/* Begin PBXSourcesBuildPhase section */
		CE5B28E027960C8E0077EE1C /* Sources */ = {
			isa = PBXSourcesBuildPhase;
			buildActionMask = 2147483647;
			files = (
				CE5B28FC27960D640077EE1C /* NSImage+Pixel.swift in Sources */,
				CEABDE84279663520027AFBB /* CAMediaTimingFunction+Animation.swift in Sources */,
				CE5B28EA27960C8E0077EE1C /* ViewController.swift in Sources */,
				CE3B70872796B99F007086C6 /* TileView.swift in Sources */,
				CE5B28E827960C8E0077EE1C /* AppDelegate.swift in Sources */,
				CEABDE82279662A70027AFBB /* Range+Animation.swift in Sources */,
				CE5B28FF279613BE0077EE1C /* PixelView.swift in Sources */,
			);
			runOnlyForDeploymentPostprocessing = 0;
		};
/* End PBXSourcesBuildPhase section */

/* Begin PBXVariantGroup section */
		CE5B28ED27960C8F0077EE1C /* Main.storyboard */ = {
			isa = PBXVariantGroup;
			children = (
				CE5B28EE27960C8F0077EE1C /* Base */,
			);
			name = Main.storyboard;
			sourceTree = "<group>";
		};
/* End PBXVariantGroup section */

/* Begin XCBuildConfiguration section */
		CE5B28F127960C8F0077EE1C /* Debug */ = {
			isa = XCBuildConfiguration;
			buildSettings = {
				ALWAYS_SEARCH_USER_PATHS = NO;
				CLANG_ANALYZER_NONNULL = YES;
				CLANG_ANALYZER_NUMBER_OBJECT_CONVERSION = YES_AGGRESSIVE;
				CLANG_CXX_LANGUAGE_STANDARD = "gnu++17";
				CLANG_CXX_LIBRARY = "libc++";
				CLANG_ENABLE_MODULES = YES;
				CLANG_ENABLE_OBJC_ARC = YES;
				CLANG_ENABLE_OBJC_WEAK = YES;
				CLANG_WARN_BLOCK_CAPTURE_AUTORELEASING = YES;
				CLANG_WARN_BOOL_CONVERSION = YES;
				CLANG_WARN_COMMA = YES;
				CLANG_WARN_CONSTANT_CONVERSION = YES;
				CLANG_WARN_DEPRECATED_OBJC_IMPLEMENTATIONS = YES;
				CLANG_WARN_DIRECT_OBJC_ISA_USAGE = YES_ERROR;
				CLANG_WARN_DOCUMENTATION_COMMENTS = YES;
				CLANG_WARN_EMPTY_BODY = YES;
				CLANG_WARN_ENUM_CONVERSION = YES;
				CLANG_WARN_INFINITE_RECURSION = YES;
				CLANG_WARN_INT_CONVERSION = YES;
				CLANG_WARN_NON_LITERAL_NULL_CONVERSION = YES;
				CLANG_WARN_OBJC_IMPLICIT_RETAIN_SELF = YES;
				CLANG_WARN_OBJC_LITERAL_CONVERSION = YES;
				CLANG_WARN_OBJC_ROOT_CLASS = YES_ERROR;
				CLANG_WARN_QUOTED_INCLUDE_IN_FRAMEWORK_HEADER = YES;
				CLANG_WARN_RANGE_LOOP_ANALYSIS = YES;
				CLANG_WARN_STRICT_PROTOTYPES = YES;
				CLANG_WARN_SUSPICIOUS_MOVE = YES;
				CLANG_WARN_UNGUARDED_AVAILABILITY = YES_AGGRESSIVE;
				CLANG_WARN_UNREACHABLE_CODE = YES;
				CLANG_WARN__DUPLICATE_METHOD_MATCH = YES;
				COPY_PHASE_STRIP = NO;
				DEBUG_INFORMATION_FORMAT = dwarf;
				ENABLE_STRICT_OBJC_MSGSEND = YES;
				ENABLE_TESTABILITY = YES;
				GCC_C_LANGUAGE_STANDARD = gnu11;
				GCC_DYNAMIC_NO_PIC = NO;
				GCC_NO_COMMON_BLOCKS = YES;
				GCC_OPTIMIZATION_LEVEL = 0;
				GCC_PREPROCESSOR_DEFINITIONS = (
					"DEBUG=1",
					"$(inherited)",
				);
				GCC_WARN_64_TO_32_BIT_CONVERSION = YES;
				GCC_WARN_ABOUT_RETURN_TYPE = YES_ERROR;
				GCC_WARN_UNDECLARED_SELECTOR = YES;
				GCC_WARN_UNINITIALIZED_AUTOS = YES_AGGRESSIVE;
				GCC_WARN_UNUSED_FUNCTION = YES;
				GCC_WARN_UNUSED_VARIABLE = YES;
				MACOSX_DEPLOYMENT_TARGET = 11.3;
				MTL_ENABLE_DEBUG_INFO = INCLUDE_SOURCE;
				MTL_FAST_MATH = YES;
				ONLY_ACTIVE_ARCH = YES;
				SDKROOT = macosx;
				SWIFT_ACTIVE_COMPILATION_CONDITIONS = DEBUG;
				SWIFT_OPTIMIZATION_LEVEL = "-Onone";
			};
			name = Debug;
		};
		CE5B28F227960C8F0077EE1C /* Release */ = {
			isa = XCBuildConfiguration;
			buildSettings = {
				ALWAYS_SEARCH_USER_PATHS = NO;
				CLANG_ANALYZER_NONNULL = YES;
				CLANG_ANALYZER_NUMBER_OBJECT_CONVERSION = YES_AGGRESSIVE;
				CLANG_CXX_LANGUAGE_STANDARD = "gnu++17";
				CLANG_CXX_LIBRARY = "libc++";
				CLANG_ENABLE_MODULES = YES;
				CLANG_ENABLE_OBJC_ARC = YES;
				CLANG_ENABLE_OBJC_WEAK = YES;
				CLANG_WARN_BLOCK_CAPTURE_AUTORELEASING = YES;
				CLANG_WARN_BOOL_CONVERSION = YES;
				CLANG_WARN_COMMA = YES;
				CLANG_WARN_CONSTANT_CONVERSION = YES;
				CLANG_WARN_DEPRECATED_OBJC_IMPLEMENTATIONS = YES;
				CLANG_WARN_DIRECT_OBJC_ISA_USAGE = YES_ERROR;
				CLANG_WARN_DOCUMENTATION_COMMENTS = YES;
				CLANG_WARN_EMPTY_BODY = YES;
				CLANG_WARN_ENUM_CONVERSION = YES;
				CLANG_WARN_INFINITE_RECURSION = YES;
				CLANG_WARN_INT_CONVERSION = YES;
				CLANG_WARN_NON_LITERAL_NULL_CONVERSION = YES;
				CLANG_WARN_OBJC_IMPLICIT_RETAIN_SELF = YES;
				CLANG_WARN_OBJC_LITERAL_CONVERSION = YES;
				CLANG_WARN_OBJC_ROOT_CLASS = YES_ERROR;
				CLANG_WARN_QUOTED_INCLUDE_IN_FRAMEWORK_HEADER = YES;
				CLANG_WARN_RANGE_LOOP_ANALYSIS = YES;
				CLANG_WARN_STRICT_PROTOTYPES = YES;
				CLANG_WARN_SUSPICIOUS_MOVE = YES;
				CLANG_WARN_UNGUARDED_AVAILABILITY = YES_AGGRESSIVE;
				CLANG_WARN_UNREACHABLE_CODE = YES;
				CLANG_WARN__DUPLICATE_METHOD_MATCH = YES;
				COPY_PHASE_STRIP = NO;
				DEBUG_INFORMATION_FORMAT = "dwarf-with-dsym";
				ENABLE_NS_ASSERTIONS = NO;
				ENABLE_STRICT_OBJC_MSGSEND = YES;
				GCC_C_LANGUAGE_STANDARD = gnu11;
				GCC_NO_COMMON_BLOCKS = YES;
				GCC_WARN_64_TO_32_BIT_CONVERSION = YES;
				GCC_WARN_ABOUT_RETURN_TYPE = YES_ERROR;
				GCC_WARN_UNDECLARED_SELECTOR = YES;
				GCC_WARN_UNINITIALIZED_AUTOS = YES_AGGRESSIVE;
				GCC_WARN_UNUSED_FUNCTION = YES;
				GCC_WARN_UNUSED_VARIABLE = YES;
				MACOSX_DEPLOYMENT_TARGET = 11.3;
				MTL_ENABLE_DEBUG_INFO = NO;
				MTL_FAST_MATH = YES;
				SDKROOT = macosx;
				SWIFT_COMPILATION_MODE = wholemodule;
				SWIFT_OPTIMIZATION_LEVEL = "-O";
			};
			name = Release;
		};
		CE5B28F427960C8F0077EE1C /* Debug */ = {
			isa = XCBuildConfiguration;
			buildSettings = {
				ASSETCATALOG_COMPILER_APPICON_NAME = AppIcon;
				ASSETCATALOG_COMPILER_GLOBAL_ACCENT_COLOR_NAME = AccentColor;
				CODE_SIGN_ENTITLEMENTS = BouncyImage/BouncyImage.entitlements;
				CODE_SIGN_STYLE = Automatic;
				COMBINE_HIDPI_IMAGES = YES;
				CURRENT_PROJECT_VERSION = 1;
				DEVELOPMENT_TEAM = YWXH886EY3;
				ENABLE_HARDENED_RUNTIME = YES;
				GENERATE_INFOPLIST_FILE = YES;
				INFOPLIST_KEY_NSHumanReadableCopyright = "";
				INFOPLIST_KEY_NSMainStoryboardFile = Main;
				INFOPLIST_KEY_NSPrincipalClass = NSApplication;
				LD_RUNPATH_SEARCH_PATHS = (
					"$(inherited)",
					"@executable_path/../Frameworks",
				);
				MARKETING_VERSION = 1.0;
				PRODUCT_BUNDLE_IDENTIFIER = org.kaizen.macOS.BouncyImage;
				PRODUCT_NAME = "$(TARGET_NAME)";
				SWIFT_EMIT_LOC_STRINGS = YES;
				SWIFT_VERSION = 5.0;
			};
			name = Debug;
		};
		CE5B28F527960C8F0077EE1C /* Release */ = {
			isa = XCBuildConfiguration;
			buildSettings = {
				ASSETCATALOG_COMPILER_APPICON_NAME = AppIcon;
				ASSETCATALOG_COMPILER_GLOBAL_ACCENT_COLOR_NAME = AccentColor;
				CODE_SIGN_ENTITLEMENTS = BouncyImage/BouncyImage.entitlements;
				CODE_SIGN_STYLE = Automatic;
				COMBINE_HIDPI_IMAGES = YES;
				CURRENT_PROJECT_VERSION = 1;
				DEVELOPMENT_TEAM = YWXH886EY3;
				ENABLE_HARDENED_RUNTIME = YES;
				GENERATE_INFOPLIST_FILE = YES;
				INFOPLIST_KEY_NSHumanReadableCopyright = "";
				INFOPLIST_KEY_NSMainStoryboardFile = Main;
				INFOPLIST_KEY_NSPrincipalClass = NSApplication;
				LD_RUNPATH_SEARCH_PATHS = (
					"$(inherited)",
					"@executable_path/../Frameworks",
				);
				MARKETING_VERSION = 1.0;
				PRODUCT_BUNDLE_IDENTIFIER = org.kaizen.macOS.BouncyImage;
				PRODUCT_NAME = "$(TARGET_NAME)";
				SWIFT_EMIT_LOC_STRINGS = YES;
				SWIFT_VERSION = 5.0;
			};
			name = Release;
		};
/* End XCBuildConfiguration section */

/* Begin XCConfigurationList section */
		CE5B28DF27960C8E0077EE1C /* Build configuration list for PBXProject "BouncyImage" */ = {
			isa = XCConfigurationList;
			buildConfigurations = (
				CE5B28F127960C8F0077EE1C /* Debug */,
				CE5B28F227960C8F0077EE1C /* Release */,
			);
			defaultConfigurationIsVisible = 0;
			defaultConfigurationName = Release;
		};
		CE5B28F327960C8F0077EE1C /* Build configuration list for PBXNativeTarget "BouncyImage" */ = {
			isa = XCConfigurationList;
			buildConfigurations = (
				CE5B28F427960C8F0077EE1C /* Debug */,
				CE5B28F527960C8F0077EE1C /* Release */,
			);
			defaultConfigurationIsVisible = 0;
			defaultConfigurationName = Release;
		};
/* End XCConfigurationList section */

/* Begin XCRemoteSwiftPackageReference section */
		CE5B2902279624E80077EE1C /* XCRemoteSwiftPackageReference "CoreUIExtensions" */ = {
			isa = XCRemoteSwiftPackageReference;
			repositoryURL = "https://github.com/RustyKnight/CoreUIExtensions";
			requirement = {
				branch = master;
				kind = branch;
			};
		};
		CE5B2905279626310077EE1C /* XCRemoteSwiftPackageReference "Cadmus" */ = {
			isa = XCRemoteSwiftPackageReference;
			repositoryURL = "https://github.com/RustyKnight/Cadmus";
			requirement = {
				branch = master;
				kind = branch;
			};
		};
		CEABDE7E279660CE0027AFBB /* XCRemoteSwiftPackageReference "SuperSimpleAnimatorKit" */ = {
			isa = XCRemoteSwiftPackageReference;
			repositoryURL = "https://github.com/RustyKnight/SuperSimpleAnimatorKit";
			requirement = {
				branch = master;
				kind = branch;
			};
		};
/* End XCRemoteSwiftPackageReference section */

/* Begin XCSwiftPackageProductDependency section */
		CE5B2903279624E80077EE1C /* CoreUIExtensions */ = {
			isa = XCSwiftPackageProductDependency;
			package = CE5B2902279624E80077EE1C /* XCRemoteSwiftPackageReference "CoreUIExtensions" */;
			productName = CoreUIExtensions;
		};
		CE5B2906279626310077EE1C /* Cadmus */ = {
			isa = XCSwiftPackageProductDependency;
			package = CE5B2905279626310077EE1C /* XCRemoteSwiftPackageReference "Cadmus" */;
			productName = Cadmus;
		};
		CEABDE7F279660CE0027AFBB /* SuperSimpleAnimatorKit */ = {
			isa = XCSwiftPackageProductDependency;
			package = CEABDE7E279660CE0027AFBB /* XCRemoteSwiftPackageReference "SuperSimpleAnimatorKit" */;
			productName = SuperSimpleAnimatorKit;
		};
/* End XCSwiftPackageProductDependency section */
	};
	rootObject = CE5B28DC27960C8E0077EE1C /* Project object */;
}
